
Microsoft Visual Studio Solution File, Format Version 12.00
# Visual Studio Version 16
VisualStudioVersion = 16.0.30309.148
MinimumVisualStudioVersion = 10.0.40219.1
Project("{9A19103F-16F7-4668-BE54-9A1E7A4F7556}") = "TodoApp.Web", "ToDoApp.Web\TodoApp.Web.csproj", "{37A5B4CE-8AB0-48D4-B2A9-BFBBB583DBE1}"
EndProject
Project("{9A19103F-16F7-4668-BE54-9A1E7A4F7556}") = "TodoApp.Data", "ToDoApp.Data\TodoApp.Data.csproj", "{39189068-DD0F-4211-B5B9-C31411E74DAD}"
EndProject
Project("{9A19103F-16F7-4668-BE54-9A1E7A4F7556}") = "TodoApp.Buisiness", "ToDoApp.Buisiness\TodoApp.Buisiness.csproj", "{AA9E05FD-C534-46B9-815D-A3A5F61957A5}"
EndProject
Project("{FAE04EC0-301F-11D3-BF4B-00C04F79EFBC}") = "TodoApp.Data.Tests", "TodoApp.Data.Tests\TodoApp.Data.Tests.csproj", "{ED94DDFF-EFB2-48EC-9EF9-2137C3BEB630}"
EndProject
Project("{FAE04EC0-301F-11D3-BF4B-00C04F79EFBC}") = "TodoApp.Buisiness.Tests", "TodoApp.Buisiness.Tests\TodoApp.Buisiness.Tests.csproj", "{2C596432-0997-439A-A6D6-E94744250710}"
EndProject
Project("{2150E333-8FDC-42A3-9474-1A3956D46DE8}") = "Tests", "Tests", "{1FD50827-3ACC-4A17-9029-C6D2E344BAEC}"
EndProject
Global
	GlobalSection(SolutionConfigurationPlatforms) = preSolution
		Debug|Any CPU = Debug|Any CPU
		Release|Any CPU = Release|Any CPU
	EndGlobalSection
	GlobalSection(ProjectConfigurationPlatforms) = postSolution
		{37A5B4CE-8AB0-48D4-B2A9-BFBBB583DBE1}.Debug|Any CPU.ActiveCfg = Debug|Any CPU
		{37A5B4CE-8AB0-48D4-B2A9-BFBBB583DBE1}.Debug|Any CPU.Build.0 = Debug|Any CPU
		{37A5B4CE-8AB0-48D4-B2A9-BFBBB583DBE1}.Release|Any CPU.ActiveCfg = Release|Any CPU
		{37A5B4CE-8AB0-48D4-B2A9-BFBBB583DBE1}.Release|Any CPU.Build.0 = Release|Any CPU
		{39189068-DD0F-4211-B5B9-C31411E74DAD}.Debug|Any CPU.ActiveCfg = Debug|Any CPU
		{39189068-DD0F-4211-B5B9-C31411E74DAD}.Debug|Any CPU.Build.0 = Debug|Any CPU
		{39189068-DD0F-4211-B5B9-C31411E74DAD}.Release|Any CPU.ActiveCfg = Release|Any CPU
		{39189068-DD0F-4211-B5B9-C31411E74DAD}.Release|Any CPU.Build.0 = Release|Any CPU
		{AA9E05FD-C534-46B9-815D-A3A5F61957A5}.Debug|Any CPU.ActiveCfg = Debug|Any CPU
		{AA9E05FD-C534-46B9-815D-A3A5F61957A5}.Debug|Any CPU.Build.0 = Debug|Any CPU
		{AA9E05FD-C534-46B9-815D-A3A5F61957A5}.Release|Any CPU.ActiveCfg = Release|Any CPU
		{AA9E05FD-C534-46B9-815D-A3A5F61957A5}.Release|Any CPU.Build.0 = Release|Any CPU
		{ED94DDFF-EFB2-48EC-9EF9-2137C3BEB630}.Debug|Any CPU.ActiveCfg = Debug|Any CPU
		{ED94DDFF-EFB2-48EC-9EF9-2137C3BEB630}.Debug|Any CPU.Build.0 = Debug|Any CPU
		{ED94DDFF-EFB2-48EC-9EF9-2137C3BEB630}.Release|Any CPU.ActiveCfg = Release|Any CPU
		{ED94DDFF-EFB2-48EC-9EF9-2137C3BEB630}.Release|Any CPU.Build.0 = Release|Any CPU
		{2C596432-0997-439A-A6D6-E94744250710}.Debug|Any CPU.ActiveCfg = Debug|Any CPU
		{2C596432-0997-439A-A6D6-E94744250710}.Debug|Any CPU.Build.0 = Debug|Any CPU
		{2C596432-0997-439A-A6D6-E94744250710}.Release|Any CPU.ActiveCfg = Release|Any CPU
		{2C596432-0997-439A-A6D6-E94744250710}.Release|Any CPU.Build.0 = Release|Any CPU
	EndGlobalSection
	GlobalSection(SolutionProperties) = preSolution
		HideSolutionNode = FALSE
	EndGlobalSection
	GlobalSection(NestedProjects) = preSolution
		{ED94DDFF-EFB2-48EC-9EF9-2137C3BEB630} = {1FD50827-3ACC-4A17-9029-C6D2E344BAEC}
		{2C596432-0997-439A-A6D6-E94744250710} = {1FD50827-3ACC-4A17-9029-C6D2E344BAEC}
	EndGlobalSection
	GlobalSection(ExtensibilityGlobals) = postSolution
		SolutionGuid = {8B60F2E3-1498-41CF-8829-0E09C2CC299A}
	EndGlobalSection
EndGlobal
